// !$*UTF8*$!
{
	archiveVersion = 1;
	classes = {
	};
	objectVersion = 46;
	objects = {

/* Begin PBXBuildFile section */
		63CAC7081A93A6D500F4AC00 /* main.m in Sources */ = {isa = PBXBuildFile; fileRef = 63CAC7071A93A6D500F4AC00 /* main.m */; };
		63CAC70B1A93A6D500F4AC00 /* AppDelegate.m in Sources */ = {isa = PBXBuildFile; fileRef = 63CAC70A1A93A6D500F4AC00 /* AppDelegate.m */; };
		63CAC70E1A93A6D500F4AC00 /* ViewController.m in Sources */ = {isa = PBXBuildFile; fileRef = 63CAC70D1A93A6D500F4AC00 /* ViewController.m */; };
		63CAC7111A93A6D500F4AC00 /* Main.storyboard in Resources */ = {isa = PBXBuildFile; fileRef = 63CAC70F1A93A6D500F4AC00 /* Main.storyboard */; };
		63CAC7131A93A6D500F4AC00 /* Images.xcassets in Resources */ = {isa = PBXBuildFile; fileRef = 63CAC7121A93A6D500F4AC00 /* Images.xcassets */; };
		63CAC7161A93A6D500F4AC00 /* LaunchScreen.xib in Resources */ = {isa = PBXBuildFile; fileRef = 63CAC7141A93A6D500F4AC00 /* LaunchScreen.xib */; };
		63CAC7221A93A6D500F4AC00 /* xctestTests.m in Sources */ = {isa = PBXBuildFile; fileRef = 63CAC7211A93A6D500F4AC00 /* xctestTests.m */; };
/* End PBXBuildFile section */

/* Begin PBXContainerItemProxy section */
		63CAC71C1A93A6D500F4AC00 /* PBXContainerItemProxy */ = {
			isa = PBXContainerItemProxy;
			containerPortal = 63CAC6FA1A93A6D500F4AC00 /* Project object */;
			proxyType = 1;
			remoteGlobalIDString = 63CAC7011A93A6D500F4AC00;
			remoteInfo = xctest;
		};
/* End PBXContainerItemProxy section */

/* Begin PBXFileReference section */
		63CAC7021A93A6D500F4AC00 /* xctest.app */ = {isa = PBXFileReference; explicitFileType = wrapper.application; includeInIndex = 0; path = xctest.app; sourceTree = BUILT_PRODUCTS_DIR; };
		63CAC7061A93A6D500F4AC00 /* Info.plist */ = {isa = PBXFileReference; lastKnownFileType = text.plist.xml; path = Info.plist; sourceTree = "<group>"; };
		63CAC7071A93A6D500F4AC00 /* main.m */ = {isa = PBXFileReference; lastKnownFileType = sourcecode.c.objc; path = main.m; sourceTree = "<group>"; };
		63CAC7091A93A6D500F4AC00 /* AppDelegate.h */ = {isa = PBXFileReference; lastKnownFileType = sourcecode.c.h; path = AppDelegate.h; sourceTree = "<group>"; };
		63CAC70A1A93A6D500F4AC00 /* AppDelegate.m */ = {isa = PBXFileReference; lastKnownFileType = sourcecode.c.objc; path = AppDelegate.m; sourceTree = "<group>"; };
		63CAC70C1A93A6D500F4AC00 /* ViewController.h */ = {isa = PBXFileReference; lastKnownFileType = sourcecode.c.h; path = ViewController.h; sourceTree = "<group>"; };
		63CAC70D1A93A6D500F4AC00 /* ViewController.m */ = {isa = PBXFileReference; lastKnownFileType = sourcecode.c.objc; path = ViewController.m; sourceTree = "<group>"; };
		63CAC7101A93A6D500F4AC00 /* Base */ = {isa = PBXFileReference; lastKnownFileType = file.storyboard; name = Base; path = Base.lproj/Main.storyboard; sourceTree = "<group>"; };
		63CAC7121A93A6D500F4AC00 /* Images.xcassets */ = {isa = PBXFileReference; lastKnownFileType = folder.assetcatalog; path = Images.xcassets; sourceTree = "<group>"; };
		63CAC7151A93A6D500F4AC00 /* Base */ = {isa = PBXFileReference; lastKnownFileType = file.xib; name = Base; path = Base.lproj/LaunchScreen.xib; sourceTree = "<group>"; };
		63CAC71B1A93A6D500F4AC00 /* xctestTests.xctest */ = {isa = PBXFileReference; explicitFileType = wrapper.cfbundle; includeInIndex = 0; path = xctestTests.xctest; sourceTree = BUILT_PRODUCTS_DIR; };
		63CAC7201A93A6D500F4AC00 /* Info.plist */ = {isa = PBXFileReference; lastKnownFileType = text.plist.xml; path = Info.plist; sourceTree = "<group>"; };
		63CAC7211A93A6D500F4AC00 /* xctestTests.m */ = {isa = PBXFileReference; lastKnownFileType = sourcecode.c.objc; path = xctestTests.m; sourceTree = "<group>"; };
/* End PBXFileReference section */

/* Begin PBXFrameworksBuildPhase section */
		63CAC6FF1A93A6D500F4AC00 /* Frameworks */ = {
			isa = PBXFrameworksBuildPhase;
			buildActionMask = 2147483647;
			files = (
			);
			runOnlyForDeploymentPostprocessing = 0;
		};
		63CAC7181A93A6D500F4AC00 /* Frameworks */ = {
			isa = PBXFrameworksBuildPhase;
			buildActionMask = 2147483647;
			files = (
			);
			runOnlyForDeploymentPostprocessing = 0;
		};
/* End PBXFrameworksBuildPhase section */

/* Begin PBXGroup section */
		63CAC6F91A93A6D500F4AC00 = {
			isa = PBXGroup;
			children = (
				63CAC7041A93A6D500F4AC00 /* xctest */,
				63CAC71E1A93A6D500F4AC00 /* xctestTests */,
				63CAC7031A93A6D500F4AC00 /* Products */,
			);
			sourceTree = "<group>";
		};
		63CAC7031A93A6D500F4AC00 /* Products */ = {
			isa = PBXGroup;
			children = (
				63CAC7021A93A6D500F4AC00 /* xctest.app */,
				63CAC71B1A93A6D500F4AC00 /* xctestTests.xctest */,
			);
			name = Products;
			sourceTree = "<group>";
		};
		63CAC7041A93A6D500F4AC00 /* xctest */ = {
			isa = PBXGroup;
			children = (
				63CAC7091A93A6D500F4AC00 /* AppDelegate.h */,
				63CAC70A1A93A6D500F4AC00 /* AppDelegate.m */,
				63CAC70C1A93A6D500F4AC00 /* ViewController.h */,
				63CAC70D1A93A6D500F4AC00 /* ViewController.m */,
				63CAC70F1A93A6D500F4AC00 /* Main.storyboard */,
				63CAC7121A93A6D500F4AC00 /* Images.xcassets */,
				63CAC7141A93A6D500F4AC00 /* LaunchScreen.xib */,
				63CAC7051A93A6D500F4AC00 /* Supporting Files */,
			);
			path = xctest;
			sourceTree = "<group>";
		};
		63CAC7051A93A6D500F4AC00 /* Supporting Files */ = {
			isa = PBXGroup;
			children = (
				63CAC7061A93A6D500F4AC00 /* Info.plist */,
				63CAC7071A93A6D500F4AC00 /* main.m */,
			);
			name = "Supporting Files";
			sourceTree = "<group>";
		};
		63CAC71E1A93A6D500F4AC00 /* xctestTests */ = {
			isa = PBXGroup;
			children = (
				63CAC7211A93A6D500F4AC00 /* xctestTests.m */,
				63CAC71F1A93A6D500F4AC00 /* Supporting Files */,
			);
			path = xctestTests;
			sourceTree = "<group>";
		};
		63CAC71F1A93A6D500F4AC00 /* Supporting Files */ = {
			isa = PBXGroup;
			children = (
				63CAC7201A93A6D500F4AC00 /* Info.plist */,
			);
			name = "Supporting Files";
			sourceTree = "<group>";
		};
/* End PBXGroup section */

/* Begin PBXNativeTarget section */
		63CAC7011A93A6D500F4AC00 /* xctest */ = {
			isa = PBXNativeTarget;
			buildConfigurationList = 63CAC7251A93A6D500F4AC00 /* Build configuration list for PBXNativeTarget "xctest" */;
			buildPhases = (
				63CAC6FE1A93A6D500F4AC00 /* Sources */,
				63CAC6FF1A93A6D500F4AC00 /* Frameworks */,
				63CAC7001A93A6D500F4AC00 /* Resources */,
			);
			buildRules = (
			);
			dependencies = (
			);
			name = xctest;
			productName = xctest;
			productReference = 63CAC7021A93A6D500F4AC00 /* xctest.app */;
			productType = "com.apple.product-type.application";
		};
		63CAC71A1A93A6D500F4AC00 /* xctestTests */ = {
			isa = PBXNativeTarget;
			buildConfigurationList = 63CAC7281A93A6D500F4AC00 /* Build configuration list for PBXNativeTarget "xctestTests" */;
			buildPhases = (
				63CAC7171A93A6D500F4AC00 /* Sources */,
				63CAC7181A93A6D500F4AC00 /* Frameworks */,
				63CAC7191A93A6D500F4AC00 /* Resources */,
			);
			buildRules = (
			);
			dependencies = (
				63CAC71D1A93A6D500F4AC00 /* PBXTargetDependency */,
			);
			name = xctestTests;
			productName = xctestTests;
			productReference = 63CAC71B1A93A6D500F4AC00 /* xctestTests.xctest */;
			productType = "com.apple.product-type.bundle.unit-test";
		};
/* End PBXNativeTarget section */

/* Begin PBXProject section */
		63CAC6FA1A93A6D500F4AC00 /* Project object */ = {
			isa = PBXProject;
			attributes = {
				LastUpgradeCheck = 0610;
				ORGANIZATIONNAME = "Tartt, Gary {PBSG}";
				TargetAttributes = {
					63CAC7011A93A6D500F4AC00 = {
						CreatedOnToolsVersion = 6.1.1;
					};
					63CAC71A1A93A6D500F4AC00 = {
						CreatedOnToolsVersion = 6.1.1;
						TestTargetID = 63CAC7011A93A6D500F4AC00;
					};
				};
			};
			buildConfigurationList = 63CAC6FD1A93A6D500F4AC00 /* Build configuration list for PBXProject "xctest" */;
			compatibilityVersion = "Xcode 3.2";
			developmentRegion = English;
			hasScannedForEncodings = 0;
			knownRegions = (
				en,
				Base,
			);
			mainGroup = 63CAC6F91A93A6D500F4AC00;
			productRefGroup = 63CAC7031A93A6D500F4AC00 /* Products */;
			projectDirPath = "";
			projectRoot = "";
			targets = (
				63CAC7011A93A6D500F4AC00 /* xctest */,
				63CAC71A1A93A6D500F4AC00 /* xctestTests */,
			);
		};
/* End PBXProject section */

/* Begin PBXResourcesBuildPhase section */
		63CAC7001A93A6D500F4AC00 /* Resources */ = {
			isa = PBXResourcesBuildPhase;
			buildActionMask = 2147483647;
			files = (
				63CAC7111A93A6D500F4AC00 /* Main.storyboard in Resources */,
				63CAC7161A93A6D500F4AC00 /* LaunchScreen.xib in Resources */,
				63CAC7131A93A6D500F4AC00 /* Images.xcassets in Resources */,
			);
			runOnlyForDeploymentPostprocessing = 0;
		};
		63CAC7191A93A6D500F4AC00 /* Resources */ = {
			isa = PBXResourcesBuildPhase;
			buildActionMask = 2147483647;
			files = (
			);
			runOnlyForDeploymentPostprocessing = 0;
		};
/* End PBXResourcesBuildPhase section */

/* Begin PBXSourcesBuildPhase section */
		63CAC6FE1A93A6D500F4AC00 /* Sources */ = {
			isa = PBXSourcesBuildPhase;
			buildActionMask = 2147483647;
			files = (
				63CAC70E1A93A6D500F4AC00 /* ViewController.m in Sources */,
				63CAC70B1A93A6D500F4AC00 /* AppDelegate.m in Sources */,
				63CAC7081A93A6D500F4AC00 /* main.m in Sources */,
			);
			runOnlyForDeploymentPostprocessing = 0;
		};
		63CAC7171A93A6D500F4AC00 /* Sources */ = {
			isa = PBXSourcesBuildPhase;
			buildActionMask = 2147483647;
			files = (
				63CAC7221A93A6D500F4AC00 /* xctestTests.m in Sources */,
			);
			runOnlyForDeploymentPostprocessing = 0;
		};
/* End PBXSourcesBuildPhase section */

/* Begin PBXTargetDependency section */
		63CAC71D1A93A6D500F4AC00 /* PBXTargetDependency */ = {
			isa = PBXTargetDependency;
			target = 63CAC7011A93A6D500F4AC00 /* xctest */;
			targetProxy = 63CAC71C1A93A6D500F4AC00 /* PBXContainerItemProxy */;
		};
/* End PBXTargetDependency section */

/* Begin PBXVariantGroup section */
		63CAC70F1A93A6D500F4AC00 /* Main.storyboard */ = {
			isa = PBXVariantGroup;
			children = (
				63CAC7101A93A6D500F4AC00 /* Base */,
			);
			name = Main.storyboard;
			sourceTree = "<group>";
		};
		63CAC7141A93A6D500F4AC00 /* LaunchScreen.xib */ = {
			isa = PBXVariantGroup;
			children = (
				63CAC7151A93A6D500F4AC00 /* Base */,
			);
			name = LaunchScreen.xib;
			sourceTree = "<group>";
		};
/* End PBXVariantGroup section */

/* Begin XCBuildConfiguration section */
		63CAC7231A93A6D500F4AC00 /* Debug */ = {
			isa = XCBuildConfiguration;
			buildSettings = {
				ALWAYS_SEARCH_USER_PATHS = NO;
				CLANG_CXX_LANGUAGE_STANDARD = "gnu++0x";
				CLANG_CXX_LIBRARY = "libc++";
				CLANG_ENABLE_MODULES = YES;
				CLANG_ENABLE_OBJC_ARC = YES;
				CLANG_WARN_BOOL_CONVERSION = YES;
				CLANG_WARN_CONSTANT_CONVERSION = YES;
				CLANG_WARN_DIRECT_OBJC_ISA_USAGE = YES_ERROR;
				CLANG_WARN_EMPTY_BODY = YES;
				CLANG_WARN_ENUM_CONVERSION = YES;
				CLANG_WARN_INT_CONVERSION = YES;
				CLANG_WARN_OBJC_ROOT_CLASS = YES_ERROR;
				CLANG_WARN_UNREACHABLE_CODE = YES;
				CLANG_WARN__DUPLICATE_METHOD_MATCH = YES;
				"CODE_SIGN_IDENTITY[sdk=iphoneos*]" = "iPhone Developer";
				COPY_PHASE_STRIP = NO;
				ENABLE_STRICT_OBJC_MSGSEND = YES;
				GCC_C_LANGUAGE_STANDARD = gnu99;
				GCC_DYNAMIC_NO_PIC = NO;
				GCC_OPTIMIZATION_LEVEL = 0;
				GCC_PREPROCESSOR_DEFINITIONS = (
					"DEBUG=1",
					"$(inherited)",
				);
				GCC_SYMBOLS_PRIVATE_EXTERN = NO;
				GCC_WARN_64_TO_32_BIT_CONVERSION = YES;
				GCC_WARN_ABOUT_RETURN_TYPE = YES_ERROR;
				GCC_WARN_UNDECLARED_SELECTOR = YES;
				GCC_WARN_UNINITIALIZED_AUTOS = YES_AGGRESSIVE;
				GCC_WARN_UNUSED_FUNCTION = YES;
				GCC_WARN_UNUSED_VARIABLE = YES;
				IPHONEOS_DEPLOYMENT_TARGET = 8.1;
				MTL_ENABLE_DEBUG_INFO = YES;
				ONLY_ACTIVE_ARCH = YES;
				SDKROOT = iphoneos;
				TARGETED_DEVICE_FAMILY = "1,2";
			};
			name = Debug;
		};
		63CAC7241A93A6D500F4AC00 /* Release */ = {
			isa = XCBuildConfiguration;
			buildSettings = {
				ALWAYS_SEARCH_USER_PATHS = NO;
				CLANG_CXX_LANGUAGE_STANDARD = "gnu++0x";
				CLANG_CXX_LIBRARY = "libc++";
				CLANG_ENABLE_MODULES = YES;
				CLANG_ENABLE_OBJC_ARC = YES;
				CLANG_WARN_BOOL_CONVERSION = YES;
				CLANG_WARN_CONSTANT_CONVERSION = YES;
				CLANG_WARN_DIRECT_OBJC_ISA_USAGE = YES_ERROR;
				CLANG_WARN_EMPTY_BODY = YES;
				CLANG_WARN_ENUM_CONVERSION = YES;
				CLANG_WARN_INT_CONVERSION = YES;
				CLANG_WARN_OBJC_ROOT_CLASS = YES_ERROR;
				CLANG_WARN_UNREACHABLE_CODE = YES;
				CLANG_WARN__DUPLICATE_METHOD_MATCH = YES;
				"CODE_SIGN_IDENTITY[sdk=iphoneos*]" = "iPhone Developer";
				COPY_PHASE_STRIP = YES;
				ENABLE_NS_ASSERTIONS = NO;
				ENABLE_STRICT_OBJC_MSGSEND = YES;
				GCC_C_LANGUAGE_STANDARD = gnu99;
				GCC_WARN_64_TO_32_BIT_CONVERSION = YES;
				GCC_WARN_ABOUT_RETURN_TYPE = YES_ERROR;
				GCC_WARN_UNDECLARED_SELECTOR = YES;
				GCC_WARN_UNINITIALIZED_AUTOS = YES_AGGRESSIVE;
				GCC_WARN_UNUSED_FUNCTION = YES;
				GCC_WARN_UNUSED_VARIABLE = YES;
				IPHONEOS_DEPLOYMENT_TARGET = 8.1;
				MTL_ENABLE_DEBUG_INFO = NO;
				SDKROOT = iphoneos;
				TARGETED_DEVICE_FAMILY = "1,2";
				VALIDATE_PRODUCT = YES;
			};
			name = Release;
		};
		63CAC7261A93A6D500F4AC00 /* Debug */ = {
			isa = XCBuildConfiguration;
			buildSettings = {
				ASSETCATALOG_COMPILER_APPICON_NAME = AppIcon;
				INFOPLIST_FILE = xctest/Info.plist;
				LD_RUNPATH_SEARCH_PATHS = "$(inherited) @executable_path/Frameworks";
				PRODUCT_NAME = "$(TARGET_NAME)";
			};
			name = Debug;
		};
		63CAC7271A93A6D500F4AC00 /* Release */ = {
			isa = XCBuildConfiguration;
			buildSettings = {
				ASSETCATALOG_COMPILER_APPICON_NAME = AppIcon;
				INFOPLIST_FILE = xctest/Info.plist;
				LD_RUNPATH_SEARCH_PATHS = "$(inherited) @executable_path/Frameworks";
				PRODUCT_NAME = "$(TARGET_NAME)";
			};
			name = Release;
		};
		63CAC7291A93A6D500F4AC00 /* Debug */ = {
			isa = XCBuildConfiguration;
			buildSettings = {
				BUNDLE_LOADER = "$(TEST_HOST)";
				FRAMEWORK_SEARCH_PATHS = (
					"$(SDKROOT)/Developer/Library/Frameworks",
					"$(inherited)",
				);
				GCC_PREPROCESSOR_DEFINITIONS = (
					"DEBUG=1",
					"$(inherited)",
				);
				INFOPLIST_FILE = xctestTests/Info.plist;
				LD_RUNPATH_SEARCH_PATHS = "$(inherited) @executable_path/Frameworks @loader_path/Frameworks";
				PRODUCT_NAME = "$(TARGET_NAME)";
				TEST_HOST = "$(BUILT_PRODUCTS_DIR)/xctest.app/xctest";
			};
			name = Debug;
		};
		63CAC72A1A93A6D500F4AC00 /* Release */ = {
			isa = XCBuildConfiguration;
			buildSettings = {
				BUNDLE_LOADER = "$(TEST_HOST)";
				FRAMEWORK_SEARCH_PATHS = (
					"$(SDKROOT)/Developer/Library/Frameworks",
					"$(inherited)",
				);
				INFOPLIST_FILE = xctestTests/Info.plist;
				LD_RUNPATH_SEARCH_PATHS = "$(inherited) @executable_path/Frameworks @loader_path/Frameworks";
				PRODUCT_NAME = "$(TARGET_NAME)";
				TEST_HOST = "$(BUILT_PRODUCTS_DIR)/xctest.app/xctest";
			};
			name = Release;
		};
/* End XCBuildConfiguration section */

/* Begin XCConfigurationList section */
		63CAC6FD1A93A6D500F4AC00 /* Build configuration list for PBXProject "xctest" */ = {
			isa = XCConfigurationList;
			buildConfigurations = (
				63CAC7231A93A6D500F4AC00 /* Debug */,
				63CAC7241A93A6D500F4AC00 /* Release */,
			);
			defaultConfigurationIsVisible = 0;
			defaultConfigurationName = Release;
		};
		63CAC7251A93A6D500F4AC00 /* Build configuration list for PBXNativeTarget "xctest" */ = {
			isa = XCConfigurationList;
			buildConfigurations = (
				63CAC7261A93A6D500F4AC00 /* Debug */,
				63CAC7271A93A6D500F4AC00 /* Release */,
			);
			defaultConfigurationIsVisible = 0;
		};
		63CAC7281A93A6D500F4AC00 /* Build configuration list for PBXNativeTarget "xctestTests" */ = {
			isa = XCConfigurationList;
			buildConfigurations = (
				63CAC7291A93A6D500F4AC00 /* Debug */,
				63CAC72A1A93A6D500F4AC00 /* Release */,
			);
			defaultConfigurationIsVisible = 0;
		};
/* End XCConfigurationList section */
	};
	rootObject = 63CAC6FA1A93A6D500F4AC00 /* Project object */;
}
